lockfileVersion: '9.0'

settings:
  autoInstallPeers: true
  excludeLinksFromLockfile: false

importers:

  .:
    dependencies:
      '@ai-sdk/google':
        specifier: ^1.2.19
        version: 1.2.19(zod@3.25.63)
      '@hono/node-server':
        specifier: ^1.14.4
        version: 1.14.4(hono@4.7.11)
      '@modelcontextprotocol/sdk':
        specifier: ^1.12.1
        version: 1.12.1
      ai:
        specifier: ^4.3.16
        version: 4.3.16(react@19.1.0)(zod@3.25.63)
      fastmcp:
        specifier: ^3.1.1
        version: 3.1.1
      fetch-to-node:
        specifier: ^2.1.0
        version: 2.1.0
      hono:
        specifier: ^4.7.11
        version: 4.7.11
      zod:
        specifier: ^3.25.63
        version: 3.25.63
    devDependencies:
      '@types/node':
        specifier: ^20.11.17
        version: 20.19.0
      tsx:
        specifier: ^4.7.1
        version: 4.20.2
      typescript:
        specifier: ^5.8.3
        version: 5.8.3

packages:

  '@ai-sdk/google@1.2.19':
    resolution: {integrity: sha1-1ceVIjnPvdXBnV7QQsCy+8/PXiU=}
    engines: {node: '>=18'}
    peerDependencies:
      zod: ^3.0.0

  '@ai-sdk/provider-utils@2.2.8':
    resolution: {integrity: sha1-rRG5LVoXY6s0untfxCSUv+CLdtE=}
    engines: {node: '>=18'}
    peerDependencies:
      zod: ^3.23.8

  '@ai-sdk/provider@1.1.3':
    resolution: {integrity: sha1-692oB3uNKz8pDcujLEWtGbJwRoE=}
    engines: {node: '>=18'}

  '@ai-sdk/react@1.2.12':
    resolution: {integrity: sha1-9CULbfVmsXCvmKcdVwi1IQjdDOE=}
    engines: {node: '>=18'}
    peerDependencies:
      react: ^18 || ^19 || ^19.0.0-rc
      zod: ^3.23.8
    peerDependenciesMeta:
      zod:
        optional: true

  '@ai-sdk/ui-utils@1.2.11':
    resolution: {integrity: sha1-T4FVidCNj+9ykq3lTuXbXQllJgM=}
    engines: {node: '>=18'}
    peerDependencies:
      zod: ^3.23.8

  '@esbuild/aix-ppc64@0.25.5':
    resolution: {integrity: sha1-Tg+Rd2wrNA51VY9gVSGV9vrQnxg=}
    engines: {node: '>=18'}
    cpu: [ppc64]
    os: [aix]

  '@esbuild/android-arm64@0.25.5':
    resolution: {integrity: sha1-vHZkB/FxiSP2uAecjGG/hqw6ak8=}
    engines: {node: '>=18'}
    cpu: [arm64]
    os: [android]

  '@esbuild/android-arm@0.25.5':
    resolution: {integrity: sha1-QpDW00B7rjiDrSze0QgaI0RzziY=}
    engines: {node: '>=18'}
    cpu: [arm]
    os: [android]

  '@esbuild/android-x64@0.25.5':
    resolution: {integrity: sha1-QMEdnLyk8kBlSMipiV0yG8OzXv8=}
    engines: {node: '>=18'}
    cpu: [x64]
    os: [android]

  '@esbuild/darwin-arm64@0.25.5':
    resolution: {integrity: sha1-Sdi/ix35X3WayB6x0HNgGABtfjQ=}
    engines: {node: '>=18'}
    cpu: [arm64]
    os: [darwin]

  '@esbuild/darwin-x64@0.25.5':
    resolution: {integrity: sha1-4npdkqFIhu8dSS/VD8YaLU2H5Bg=}
    engines: {node: '>=18'}
    cpu: [x64]
    os: [darwin]

  '@esbuild/freebsd-arm64@0.25.5':
    resolution: {integrity: sha1-l87eWdY4hAyhBOYFzbnxsRi6Cxw=}
    engines: {node: '>=18'}
    cpu: [arm64]
    os: [freebsd]

  '@esbuild/freebsd-x64@0.25.5':
    resolution: {integrity: sha1-ccd4EgQqGoGQw9WB4UDRW4drnG8=}
    engines: {node: '>=18'}
    cpu: [x64]
    os: [freebsd]

  '@esbuild/linux-arm64@0.25.5':
    resolution: {integrity: sha1-97fI+X7/j/0uR/bGfrXJdl8hgbg=}
    engines: {node: '>=18'}
    cpu: [arm64]
    os: [linux]

  '@esbuild/linux-arm@0.25.5':
    resolution: {integrity: sha1-KgvnG2zYIB+lWa6kVZjf+rwF2RE=}
    engines: {node: '>=18'}
    cpu: [arm]
    os: [linux]

  '@esbuild/linux-ia32@0.25.5':
    resolution: {integrity: sha1-djQURjzZ6m+h+WVV0nYvn4TGF4M=}
    engines: {node: '>=18'}
    cpu: [ia32]
    os: [linux]

  '@esbuild/linux-loong64@0.25.5':
    resolution: {integrity: sha1-QozyIT/3hqUCpSyWzynR/PHrhQY=}
    engines: {node: '>=18'}
    cpu: [loong64]
    os: [linux]

  '@esbuild/linux-mips64el@0.25.5':
    resolution: {integrity: sha1-XLzH/YQbTNUzWK/TNSfNOU4yXZY=}
    engines: {node: '>=18'}
    cpu: [mips64el]
    os: [linux]

  '@esbuild/linux-ppc64@0.25.5':
    resolution: {integrity: sha1-DZVKs5zk9eUPAMT4xP04+XbBOtk=}
    engines: {node: '>=18'}
    cpu: [ppc64]
    os: [linux]

  '@esbuild/linux-riscv64@0.25.5':
    resolution: {integrity: sha1-Dn3TBzBQWr2AiDIehJfpS1R7+x4=}
    engines: {node: '>=18'}
    cpu: [riscv64]
    os: [linux]

  '@esbuild/linux-s390x@0.25.5':
    resolution: {integrity: sha1-VmmvgTJ6OYozbX5A4yC1u9bm5y0=}
    engines: {node: '>=18'}
    cpu: [s390x]
    os: [linux]

  '@esbuild/linux-x64@0.25.5':
    resolution: {integrity: sha1-sjV90VOqSQOJZ93B/9kMaKnSoNQ=}
    engines: {node: '>=18'}
    cpu: [x64]
    os: [linux]

  '@esbuild/netbsd-arm64@0.25.5':
    resolution: {integrity: sha1-U7TfuP4c7pN3fJ42aJO9Paprpj0=}
    engines: {node: '>=18'}
    cpu: [arm64]
    os: [netbsd]

  '@esbuild/netbsd-x64@0.25.5':
    resolution: {integrity: sha1-oCBvYxTOfchxO3cycD0PWN4dHnk=}
    engines: {node: '>=18'}
    cpu: [x64]
    os: [netbsd]

  '@esbuild/openbsd-arm64@0.25.5':
    resolution: {integrity: sha1-Knlsh8ROjeeAAdgIx32UiiHsIv0=}
    engines: {node: '>=18'}
    cpu: [arm64]
    os: [openbsd]

  '@esbuild/openbsd-x64@0.25.5':
    resolution: {integrity: sha1-KNDNiQm3+jlTr5mPKy7TT1dnKPA=}
    engines: {node: '>=18'}
    cpu: [x64]
    os: [openbsd]

  '@esbuild/sunos-x64@0.25.5':
    resolution: {integrity: sha1-ooFk9bmX6CR9QH42yQ0/1d2+DcU=}
    engines: {node: '>=18'}
    cpu: [x64]
    os: [sunos]

  '@esbuild/win32-arm64@0.25.5':
    resolution: {integrity: sha1-bq2+rTjovRL2M6UZDkXv+A4kAH4=}
    engines: {node: '>=18'}
    cpu: [arm64]
    os: [win32]

  '@esbuild/win32-ia32@0.25.5':
    resolution: {integrity: sha1-urYogAVIL57Srbne1+iOuppizA0=}
    engines: {node: '>=18'}
    cpu: [ia32]
    os: [win32]

  '@esbuild/win32-x64@0.25.5':
    resolution: {integrity: sha1-f8EUr19lY/GfczJLXV/zbs4IA9E=}
    engines: {node: '>=18'}
    cpu: [x64]
    os: [win32]

  '@hono/node-server@1.14.4':
    resolution: {integrity: sha1-5sJ6i0Cuj6jkm1i8S3VUrM+y0pg=}
    engines: {node: '>=18.14.1'}
    peerDependencies:
      hono: ^4

  '@modelcontextprotocol/sdk@1.12.1':
    resolution: {integrity: sha1-93UD8CY7M8seW4Gm/wwyI5PKvTc=}
    engines: {node: '>=18'}

  '@opentelemetry/api@1.9.0':
    resolution: {integrity: sha1-0D66aCc9wPdQnio9XLoh6uEDef4=}
    engines: {node: '>=8.0.0'}

  '@sec-ant/readable-stream@0.4.1':
    resolution: {integrity: sha1-YN6JG7Emq/3FQQ/cYWasoGXxCgw=}

  '@sindresorhus/merge-streams@4.0.0':
    resolution: {integrity: sha1-q7Edma620n8bVjw4FHpy1QBY4zk=}
    engines: {node: '>=18'}

  '@standard-schema/spec@1.0.0':
    resolution: {integrity: sha1-8ZO3PcMWxBcPLoKogdoPVQ1VG5w=}

  '@tokenizer/inflate@0.2.7':
    resolution: {integrity: sha1-Mt2d/Jq+RXyJs9m3YPwGkMhaEDs=}
    engines: {node: '>=18'}

  '@tokenizer/token@0.3.0':
    resolution: {integrity: sha1-/pipP+eJJH6ZjHXnTpx8YyF6onY=}

  '@types/diff-match-patch@1.0.36':
    resolution: {integrity: sha1-3O8Qpp01f+nUOsT/Lsprhdv0Zq8=}

  '@types/node@20.19.0':
    resolution: {integrity: sha1-cAawl7Fd/qBmlcO726mLJoeX9ls=}

  accepts@2.0.0:
    resolution: {integrity: sha1-u89LpQdUZ/PyEx6rPP/HPC9deJU=}
    engines: {node: '>= 0.6'}

  ai@4.3.16:
    resolution: {integrity: sha1-yURtoQJM3B3+KRPRUbcMkdQPI3g=}
    engines: {node: '>=18'}
    peerDependencies:
      react: ^18 || ^19 || ^19.0.0-rc
      zod: ^3.23.8
    peerDependenciesMeta:
      react:
        optional: true

  ajv@6.12.6:
    resolution: {integrity: sha1-uvWmLoArB9l3A0WG+MO69a3ybfQ=}

  ansi-regex@5.0.1:
    resolution: {integrity: sha1-CCyyyJyf6GWaMRpTvWpNxTAdswQ=}
    engines: {node: '>=8'}

  ansi-regex@6.1.0:
    resolution: {integrity: sha1-lexAnGlhnWyxuLNPFLZg7yjr1lQ=}
    engines: {node: '>=12'}

  ansi-styles@4.3.0:
    resolution: {integrity: sha1-7dgDYornHATIWuegkG7a00tkiTc=}
    engines: {node: '>=8'}

  ansi-styles@6.2.1:
    resolution: {integrity: sha1-DmIyDPmcIa//OzASGSVGqsv7BcU=}
    engines: {node: '>=12'}

  body-parser@2.2.0:
    resolution: {integrity: sha1-96llbeMFJJpxW1Sbe4/Rq5393Po=}
    engines: {node: '>=18'}

  bytes@3.1.2:
    resolution: {integrity: sha1-iwvuuYYFrfGxKPpDhkA8AJ4CIaU=}
    engines: {node: '>= 0.8'}

  call-bind-apply-helpers@1.0.2:
    resolution: {integrity: sha1-S1QowiK+mF15w9gmV0edvgtZstY=}
    engines: {node: '>= 0.4'}

  call-bound@1.0.4:
    resolution: {integrity: sha1-I43pNdKippKSjFOMfM+pEGf9Bio=}
    engines: {node: '>= 0.4'}

  chalk@5.4.1:
    resolution: {integrity: sha1-G0i/CWPsFY3OKqz2nAk64t0gktg=}
    engines: {node: ^12.17.0 || ^14.13 || >=16.0.0}

  cliui@8.0.1:
    resolution: {integrity: sha1-DASwddsCy/5g3I5s8vVIaxo2CKo=}
    engines: {node: '>=12'}

  cliui@9.0.1:
    resolution: {integrity: sha1-b3iQ84b28feZU63B943sRvzC0pE=}
    engines: {node: '>=20'}

  color-convert@2.0.1:
    resolution: {integrity: sha1-ctOmjVmMm9s68q0ehPIdiWq9TeM=}
    engines: {node: '>=7.0.0'}

  color-name@1.1.4:
    resolution: {integrity: sha1-wqCah6y95pVD3m9j+jmVyCbFNqI=}

  content-disposition@1.0.0:
    resolution: {integrity: sha1-hEQmyzmPk0yu/LsXIgASa8fOrOI=}
    engines: {node: '>= 0.6'}

  content-type@1.0.5:
    resolution: {integrity: sha1-i3cxYmVtHRCGeEyPI6VM5tc9eRg=}
    engines: {node: '>= 0.6'}

  cookie-signature@1.2.2:
    resolution: {integrity: sha1-V8f8PMKTrKuf7FTXPhVpDr5KF5M=}
    engines: {node: '>=6.6.0'}

  cookie@0.7.2:
    resolution: {integrity: sha1-VWNpxHKiupEPKXmJG1JrNDYjftc=}
    engines: {node: '>= 0.6'}

  cors@2.8.5:
    resolution: {integrity: sha1-6sEdpRWS3Ya58G9uesKTs9+HXSk=}
    engines: {node: '>= 0.10'}

  cross-spawn@7.0.6:
    resolution: {integrity: sha1-ilj+ePANzXDDcEUXWd+/rwPo7p8=}
    engines: {node: '>= 8'}

  debug@4.4.1:
    resolution: {integrity: sha1-5ai8bLxMbNPmQwiwaTo9T6VQGJs=}
    engines: {node: '>=6.0'}
    peerDependencies:
      supports-color: '*'
    peerDependenciesMeta:
      supports-color:
        optional: true

  depd@2.0.0:
    resolution: {integrity: sha1-tpYWPMdXVg0JzyLMj60Vcbeedt8=}
    engines: {node: '>= 0.8'}

  dequal@2.0.3:
    resolution: {integrity: sha1-JkQhTxmX057Q7g7OcjNUkKesZ74=}
    engines: {node: '>=6'}

  diff-match-patch@1.0.5:
    resolution: {integrity: sha1-q7WE1fEM0Rlt/FWqA3AVkq4/ezc=}

  dunder-proto@1.0.1:
    resolution: {integrity: sha1-165mfh3INIL4tw/Q9u78UNow9Yo=}
    engines: {node: '>= 0.4'}

  ee-first@1.1.1:
    resolution: {integrity: sha1-WQxhFWsK4vTwJVcyoViyZrxWsh0=}

  emoji-regex@10.4.0:
    resolution: {integrity: sha1-A1U6/qgLOXV0nPyzb3dsomjkE9Q=}

  emoji-regex@8.0.0:
    resolution: {integrity: sha1-6Bj9ac5cz8tARZT4QpY79TFkzDc=}

  encodeurl@2.0.0:
    resolution: {integrity: sha1-e46omAd9fkCdOsRUdOo46vCFelg=}
    engines: {node: '>= 0.8'}

  es-define-property@1.0.1:
    resolution: {integrity: sha1-mD6y+aZyTpMD9hrd8BHHLgngsPo=}
    engines: {node: '>= 0.4'}

  es-errors@1.3.0:
    resolution: {integrity: sha1-BfdaJdq5jk+x3NXhRywFRtUFfI8=}
    engines: {node: '>= 0.4'}

  es-object-atoms@1.1.1:
    resolution: {integrity: sha1-HE8sSDcydZfOadLKGQp/3RcjOME=}
    engines: {node: '>= 0.4'}

  esbuild@0.25.5:
    resolution: {integrity: sha1-cQdQVJk/3652xmWG+bnB+Nft1DA=}
    engines: {node: '>=18'}
    hasBin: true

  escalade@3.2.0:
    resolution: {integrity: sha1-ARo/aYVroYnf+n3I/M6Z0qh5A+U=}
    engines: {node: '>=6'}

  escape-html@1.0.3:
    resolution: {integrity: sha1-Aljq5NPQwJdN4cFpGI7wBR0dGYg=}

  etag@1.8.1:
    resolution: {integrity: sha1-Qa4u62XvpiJorr/qg6x9eSmbCIc=}
    engines: {node: '>= 0.6'}

  eventsource-parser@3.0.2:
    resolution: {integrity: sha1-D+oavSbsqCAQmf9SEvbE58ov1dM=}
    engines: {node: '>=18.0.0'}

  eventsource@3.0.7:
    resolution: {integrity: sha1-EVdiLi9Td7tq7yEUNycougwVaYk=}
    engines: {node: '>=18.0.0'}

  eventsource@4.0.0:
    resolution: {integrity: sha1-yvAtBBQ/ZjphsJqZPQCX5VLisdE=}
    engines: {node: '>=20.0.0'}

  execa@9.6.0:
    resolution: {integrity: sha1-OGZVMOVOLgGDhBCDIvN/Na5087w=}
    engines: {node: ^18.19.0 || >=20.5.0}

  express-rate-limit@7.5.0:
    resolution: {integrity: sha1-ameZCnJLT7vGkRlBn+71DFHoso8=}
    engines: {node: '>= 16'}
    peerDependencies:
      express: ^4.11 || 5 || ^5.0.0-beta.1

  express@5.1.0:
    resolution: {integrity: sha1-0xvq9xWgAW8NU/R9O016zyjHXMk=}
    engines: {node: '>= 18'}

  fast-deep-equal@3.1.3:
    resolution: {integrity: sha1-On1WtVnWy8PrUSMlJE5hmmXGxSU=}

  fast-json-stable-stringify@2.1.0:
    resolution: {integrity: sha1-h0v2nG9ATCtdmcSBNBOZ/VWJJjM=}

  fastmcp@3.1.1:
    resolution: {integrity: sha1-mqdJpIk24fW/I6AlGOIstU6g5+s=}
    hasBin: true

  fetch-to-node@2.1.0:
    resolution: {integrity: sha1-53nWmfgK6gsbNP0FdzfRUcsdwZ4=}

  fflate@0.8.2:
    resolution: {integrity: sha1-/IYx9TR4Eq1gKLvkojCLJ5KqHeo=}

  figures@6.1.0:
    resolution: {integrity: sha1-k1R59Rhl+nR59vqU/G/HrBTmLEo=}
    engines: {node: '>=18'}

  file-type@21.0.0:
    resolution: {integrity: sha1-tsWZAGS8S3BPjlybYBDFkGTSaLw=}
    engines: {node: '>=20'}

  finalhandler@2.1.0:
    resolution: {integrity: sha1-cjBjc6qJ0FqCQu1WnthqG/98Vh8=}
    engines: {node: '>= 0.8'}

  forwarded@0.2.0:
    resolution: {integrity: sha1-ImmTZCiq1MFcfr6XeahL8LKoGBE=}
    engines: {node: '>= 0.6'}

  fresh@2.0.0:
    resolution: {integrity: sha1-jdffahs6Gzpc8YbAWl3SZ2ImNaQ=}
    engines: {node: '>= 0.8'}

  fsevents@2.3.3:
    resolution: {integrity: sha1-ysZAd4XQNnWipeGlMFxpezR9kNY=}
    engines: {node: ^8.16.0 || ^10.6.0 || >=11.0.0}
    os: [darwin]

  function-bind@1.1.2:
    resolution: {integrity: sha1-LALYZNl/PqbIgwxGTL0Rq26rehw=}

  fuse.js@7.1.0:
    resolution: {integrity: sha1-MGIotL7+7hHgWwJwh8J0QVhSfQk=}
    engines: {node: '>=10'}

  get-caller-file@2.0.5:
    resolution: {integrity: sha1-T5RBKoLbMvNuOwuXQfipf+sDH34=}
    engines: {node: 6.* || 8.* || >= 10.*}

  get-east-asian-width@1.3.0:
    resolution: {integrity: sha1-IbQHHuWO0E7g22UzcbVbQpmHU4k=}
    engines: {node: '>=18'}

  get-intrinsic@1.3.0:
    resolution: {integrity: sha1-dD8OO2lkqTpUke0b/6rgVNf5jQE=}
    engines: {node: '>= 0.4'}

  get-proto@1.0.1:
    resolution: {integrity: sha1-FQs/J0OGnvPoUewMSdFbHRTQDuE=}
    engines: {node: '>= 0.4'}

  get-stream@9.0.1:
    resolution: {integrity: sha1-lRV9Id+OuQ0WRxArYwObHfYOvSc=}
    engines: {node: '>=18'}

  get-tsconfig@4.10.1:
    resolution: {integrity: sha1-00wcAfR9ZaYGw3qnoXe8PlarSy4=}

  gopd@1.2.0:
    resolution: {integrity: sha1-ifVrghe9vIgCvSmd9tfxCB1+UaE=}
    engines: {node: '>= 0.4'}

  has-symbols@1.1.0:
    resolution: {integrity: sha1-/JxqeDoISVHQuXH+EBjegTcHozg=}
    engines: {node: '>= 0.4'}

  hasown@2.0.2:
    resolution: {integrity: sha1-AD6vkb563DcuhOxZ3DclLO24AAM=}
    engines: {node: '>= 0.4'}

  hono@4.7.11:
    resolution: {integrity: sha1-NpgZ2drKWCLbexI0YsXOILEhxkA=}
    engines: {node: '>=16.9.0'}

  http-errors@2.0.0:
    resolution: {integrity: sha1-t3dKFIbvc892Z6ya4IWMASxXudM=}
    engines: {node: '>= 0.8'}

  human-signals@8.0.1:
    resolution: {integrity: sha1-8Iu1k7bR2zU5M9BhVs7eyQq+Ufs=}
    engines: {node: '>=18.18.0'}

  iconv-lite@0.6.3:
    resolution: {integrity: sha1-pS+AvzjaGVLrXGgXkHGYcaGnJQE=}
    engines: {node: '>=0.10.0'}

  ieee754@1.2.1:
    resolution: {integrity: sha1-jrehCmP/8l0VpXsAFYbRd9Gw01I=}

  inherits@2.0.4:
    resolution: {integrity: sha1-D6LGT5MpF8NDOg3tVTY6rjdBa3w=}

  ipaddr.js@1.9.1:
    resolution: {integrity: sha1-v/OFQ+64mEglB5/zoqjmy9RngbM=}
    engines: {node: '>= 0.10'}

  is-fullwidth-code-point@3.0.0:
    resolution: {integrity: sha1-8Rb4Bk/pCz94RKOJl8C3UFEmnx0=}
    engines: {node: '>=8'}

  is-plain-obj@4.1.0:
    resolution: {integrity: sha1-1lAl7ew2V84DL9fbY8l4g+rtcfA=}
    engines: {node: '>=12'}

  is-promise@4.0.0:
    resolution: {integrity: sha1-Qv+fhCBsGZHSbev1IN1cAQQt0vM=}

  is-stream@4.0.1:
    resolution: {integrity: sha1-N1z4keFtLkuuwlC4WSbP/BRyDZs=}
    engines: {node: '>=18'}

  is-unicode-supported@2.1.0:
    resolution: {integrity: sha1-CfCrDebTdE1I0mXruY9l0R8qmzo=}
    engines: {node: '>=18'}

  isexe@2.0.0:
    resolution: {integrity: sha1-6PvzdNxVb/iUehDcsFctYz8s+hA=}

  json-schema-traverse@0.4.1:
    resolution: {integrity: sha1-afaofZUTq4u4/mO9sJecRI5oRmA=}

  json-schema@0.4.0:
    resolution: {integrity: sha1-995M9u+rg4666zI2R0y7paGTCrU=}

  jsondiffpatch@0.6.0:
    resolution: {integrity: sha1-2qaiW+3wgwl0yBVFVo1fZxyCVR8=}
    engines: {node: ^18.0.0 || >=20.0.0}
    hasBin: true

  math-intrinsics@1.1.0:
    resolution: {integrity: sha1-oN10voHiqlwvJ+Zc4oNgXuTit/k=}
    engines: {node: '>= 0.4'}

  mcp-proxy@5.0.1:
    resolution: {integrity: sha1-Ge1qOUktRIPPxrXOf/bHMy7j6yU=}
    hasBin: true

  media-typer@1.1.0:
    resolution: {integrity: sha1-ardLjy0zIPIGSyqHo455Mf86VWE=}
    engines: {node: '>= 0.8'}

  merge-descriptors@2.0.0:
    resolution: {integrity: sha1-6pIvZgY1oiSe5WXgRJ+VHmtgOAg=}
    engines: {node: '>=18'}

  mime-db@1.54.0:
    resolution: {integrity: sha1-zds+5PnGRTDf9kAjZmHULLajFPU=}
    engines: {node: '>= 0.6'}

  mime-types@3.0.1:
    resolution: {integrity: sha1-sdlNaZepsy/WnrrtDbc96Ky1Gc4=}
    engines: {node: '>= 0.6'}

  ms@2.1.3:
    resolution: {integrity: sha1-V0yBOM4dK1hh8LRFedut1gxmFbI=}

  nanoid@3.3.11:
    resolution: {integrity: sha1-T08RLO++MDIC8hmYOBKJNiZtGFs=}
    engines: {node: ^10 || ^12 || ^13.7 || ^14 || >=15.0.1}
    hasBin: true

  negotiator@1.0.0:
    resolution: {integrity: sha1-tskbtHFy1p+Tz9fDV7u1KQGbX2o=}
    engines: {node: '>= 0.6'}

  npm-run-path@6.0.0:
    resolution: {integrity: sha1-Jc/cTq4El28zScCxr8CJBSw2JTc=}
    engines: {node: '>=18'}

  object-assign@4.1.1:
    resolution: {integrity: sha1-IQmtx5ZYh8/AXLvUQsrIv7s2CGM=}
    engines: {node: '>=0.10.0'}

  object-inspect@1.13.4:
    resolution: {integrity: sha1-g3UmXiG8IND6WCwi4bE0hdbgAhM=}
    engines: {node: '>= 0.4'}

  on-finished@2.4.1:
    resolution: {integrity: sha1-WMjEQRblSEWtV/FKsQsDUzGErD8=}
    engines: {node: '>= 0.8'}

  once@1.4.0:
    resolution: {integrity: sha1-WDsap3WWHUsROsF9nFC6753Xa9E=}

  parse-ms@4.0.0:
    resolution: {integrity: sha1-wMBY7dR8KlkBUacYmQUz/WKAPfQ=}
    engines: {node: '>=18'}

  parseurl@1.3.3:
    resolution: {integrity: sha1-naGee+6NEt/wUT7Vt2lXeTvC6NQ=}
    engines: {node: '>= 0.8'}

  path-key@3.1.1:
    resolution: {integrity: sha1-WB9q3mWMu6ZaDTOA3ndTKVBU83U=}
    engines: {node: '>=8'}

  path-key@4.0.0:
    resolution: {integrity: sha1-KVWI3DruZBVPh3rbnXgLgcVUvxg=}
    engines: {node: '>=12'}

  path-to-regexp@8.2.0:
    resolution: {integrity: sha1-c5kMwp5Xo/8qDZFAlRVt9dt56LQ=}
    engines: {node: '>=16'}

  pkce-challenge@5.0.0:
    resolution: {integrity: sha1-w6QFy0nicglKOOiQorUdoCKMTZc=}
    engines: {node: '>=16.20.0'}

  pretty-ms@9.2.0:
    resolution: {integrity: sha1-4UwKrWSTtp7WMRREKoQTPX5WDvA=}
    engines: {node: '>=18'}

  proxy-addr@2.0.7:
    resolution: {integrity: sha1-8Z/mnOqzEe65S0LnDowgcPm6ECU=}
    engines: {node: '>= 0.10'}

  punycode@2.3.1:
    resolution: {integrity: sha1-AnQi4vrsCyXhVJw+G9gwm5EztuU=}
    engines: {node: '>=6'}

  qs@6.14.0:
    resolution: {integrity: sha1-xj+kBoDSxclBQSoOiZyJr2DAqTA=}
    engines: {node: '>=0.6'}

  range-parser@1.2.1:
    resolution: {integrity: sha1-PPNwI9GZ4cJNGlW4SADC8+ZGgDE=}
    engines: {node: '>= 0.6'}

  raw-body@3.0.0:
    resolution: {integrity: sha1-JbNHbwelFgBhna4/6C3cKKNuXg8=}
    engines: {node: '>= 0.8'}

  react@19.1.0:
    resolution: {integrity: sha1-kmhktsSNp2J/AEeV1szlDpB5O3U=}
    engines: {node: '>=0.10.0'}

  require-directory@2.1.1:
    resolution: {integrity: sha1-jGStX9MNqxyXbiNE/+f3kqam30I=}
    engines: {node: '>=0.10.0'}

  resolve-pkg-maps@1.0.0:
    resolution: {integrity: sha1-YWs9wsVwVrVYjDHN9LPWTbEzcg8=}

  router@2.2.0:
    resolution: {integrity: sha1-AZvmILcRyHZBFnzHm5kJDwCxRu8=}
    engines: {node: '>= 18'}

  safe-buffer@5.2.1:
    resolution: {integrity: sha1-Hq+fqb2x/dTsdfWPnNtOa3gn7sY=}

  safer-buffer@2.1.2:
    resolution: {integrity: sha1-RPoWGwGHuVSd2Eu5GAL5vYOFzWo=}

  secure-json-parse@2.7.0:
    resolution: {integrity: sha1-Wl+c1q5H3yPboxUe3QaFXUfgmGI=}

  send@1.2.0:
    resolution: {integrity: sha1-MqdVT7d3uDHfqCg3D3c6OAjTchI=}
    engines: {node: '>= 18'}

  serve-static@2.2.0:
    resolution: {integrity: sha1-nAJWTuJZvdIlG4LWWaLn4ZONZvk=}
    engines: {node: '>= 18'}

  setprototypeof@1.2.0:
    resolution: {integrity: sha1-ZsmiSnP5/CjL5msJ/tPTPcrxtCQ=}

  shebang-command@2.0.0:
    resolution: {integrity: sha1-zNCvT4g1+9wmW4JGGq8MNmY/NOo=}
    engines: {node: '>=8'}

  shebang-regex@3.0.0:
    resolution: {integrity: sha1-rhbxZE2HPsrYQ7AwexQzYtTEIXI=}
    engines: {node: '>=8'}

  side-channel-list@1.0.0:
    resolution: {integrity: sha1-EMtZhCYxFdO3oOM2WR4pCoMK+K0=}
    engines: {node: '>= 0.4'}

  side-channel-map@1.0.1:
    resolution: {integrity: sha1-1rtrN5Asb+9RdOX1M/q0xzKib0I=}
    engines: {node: '>= 0.4'}

  side-channel-weakmap@1.0.2:
    resolution: {integrity: sha1-Ed2hnVNo5Azp7CvcH7DsvAeQ7Oo=}
    engines: {node: '>= 0.4'}

  side-channel@1.1.0:
    resolution: {integrity: sha1-w/z/nE2pMnhIczNeyXZfqU/2a8k=}
    engines: {node: '>= 0.4'}

  signal-exit@4.1.0:
    resolution: {integrity: sha1-lSGIwcvVRgcOLdIND0HArgUwywQ=}
    engines: {node: '>=14'}

  statuses@2.0.1:
    resolution: {integrity: sha1-VcsADM8dSHKL0jxoWgY5mM8aG2M=}
    engines: {node: '>= 0.8'}

  statuses@2.0.2:
    resolution: {integrity: sha1-j3XuzvdlteHPzcCA2llAntQk44I=}
    engines: {node: '>= 0.8'}

  strict-event-emitter-types@2.0.0:
    resolution: {integrity: sha1-BeFVSctNoWlEeKU1Q+Ti9KvPJ38=}

  string-width@4.2.3:
    resolution: {integrity: sha1-JpxxF9J7Ba0uU2gwqOyJXvnG0BA=}
    engines: {node: '>=8'}

  string-width@7.2.0:
    resolution: {integrity: sha1-tbuOIWXOJ11NQ0dt0nAK2Qkdttw=}
    engines: {node: '>=18'}

  strip-ansi@6.0.1:
    resolution: {integrity: sha1-nibGPTD1NEPpSJSVshBdN7Z6hdk=}
    engines: {node: '>=8'}

  strip-ansi@7.1.0:
    resolution: {integrity: sha1-1bZWjKaJ2FYTcLBwdoXSJDT6/0U=}
    engines: {node: '>=12'}

  strip-final-newline@4.0.0:
    resolution: {integrity: sha1-NaNp7CrEPfNW4+3V3Ou2Qpqh+lw=}
    engines: {node: '>=18'}

  strtok3@10.3.1:
    resolution: {integrity: sha1-gP5DGk7mUt5OM/FOEeFf1RcKYn0=}
    engines: {node: '>=18'}

  swr@2.3.3:
    resolution: {integrity: sha1-nWpwM1XxX5CZ9FEU2z73V2RER4g=}
    peerDependencies:
      react: ^16.11.0 || ^17.0.0 || ^18.0.0 || ^19.0.0

  throttleit@2.1.0:
    resolution: {integrity: sha1-p+SqC/SEWlvRDao56gx4P2MaB7Q=}
    engines: {node: '>=18'}

  toidentifier@1.0.1:
    resolution: {integrity: sha1-O+NDIaiKgg7RvYDfqjPkefu43TU=}
    engines: {node: '>=0.6'}

  token-types@6.0.0:
    resolution: {integrity: sha1-GrJr4e+cQ0hTUAwHGs/lyN1lRKM=}
    engines: {node: '>=14.16'}

  tsx@4.20.2:
    resolution: {integrity: sha1-oQGeoB7x89FtsZalMKYQPpYLMUI=}
    engines: {node: '>=18.0.0'}
    hasBin: true

  type-is@2.0.1:
    resolution: {integrity: sha1-ZPbPA/kvzkAVwrIkeT9r3UsGjJc=}
    engines: {node: '>= 0.6'}

  typescript@5.8.3:
    resolution: {integrity: sha1-kvij5ePPSXNW9BeMNM1lp/XoRA4=}
    engines: {node: '>=14.17'}
    hasBin: true

  uint8array-extras@1.4.0:
    resolution: {integrity: sha1-5Cpnim3TNewtIWYTM+1C9ErnzHQ=}
    engines: {node: '>=18'}

  undici-types@6.21.0:
    resolution: {integrity: sha1-aR0ArzkJvpOn+qE75hs6W1DvEss=}

  undici@7.10.0:
    resolution: {integrity: sha1-iuF6l2rMZZOxPJ/zNChAvqmyRnA=}
    engines: {node: '>=20.18.1'}

  unicorn-magic@0.3.0:
    resolution: {integrity: sha1-Tv1FyFpp4N1XbSVTL7+iKqXIoQQ=}
    engines: {node: '>=18'}

  unpipe@1.0.0:
    resolution: {integrity: sha1-sr9O6FFKrmFltIF4KdIbLvSZBOw=}
    engines: {node: '>= 0.8'}

  uri-js@4.4.1:
    resolution: {integrity: sha1-mxpSWVIlhZ5V9mnZKPiMbFfyp34=}

  uri-templates@0.2.0:
    resolution: {integrity: sha1-K1eEURzJCYaHMekjPCaAl9ELSZ8=}

  use-sync-external-store@1.5.0:
    resolution: {integrity: sha1-VRIuKj7dKmwQYXTCdIXg/Vm8/KA=}
    peerDependencies:
      react: ^16.8.0 || ^17.0.0 || ^18.0.0 || ^19.0.0

  vary@1.1.2:
    resolution: {integrity: sha1-IpnwLG3tMNSllhsLn3RSShj2NPw=}
    engines: {node: '>= 0.8'}

  which@2.0.2:
    resolution: {integrity: sha1-fGqN0KY2oDJ+ELWckobu6T8/UbE=}
    engines: {node: '>= 8'}
    hasBin: true

  wrap-ansi@7.0.0:
    resolution: {integrity: sha1-Z+FFz/UQpqaYS98RUpEdadLrnkM=}
    engines: {node: '>=10'}

  wrap-ansi@9.0.0:
    resolution: {integrity: sha1-Gj3Itw2F7rg5jd+x5KAs0Ybliz4=}
    engines: {node: '>=18'}

  wrappy@1.0.2:
    resolution: {integrity: sha1-tSQ9jz7BqjXxNkYFvA0QNuMKtp8=}

  xsschema@0.3.0-beta.3:
    resolution: {integrity: sha1-yi9JURVbIhK09eqmCvqpmj/hi7s=}
    peerDependencies:
      '@valibot/to-json-schema': ^1.0.0
      arktype: ^2.1.16
      effect: ^3.14.5
      sury: ^10.0.0-rc
      zod: ^3.25.0
      zod-to-json-schema: ^3.24.5
    peerDependenciesMeta:
      '@valibot/to-json-schema':
        optional: true
      arktype:
        optional: true
      effect:
        optional: true
      sury:
        optional: true
      zod:
        optional: true
      zod-to-json-schema:
        optional: true

  y18n@5.0.8:
    resolution: {integrity: sha1-f0k00PfKjFb5UxSTndzS3ZHOHVU=}
    engines: {node: '>=10'}

  yargs-parser@21.1.1:
    resolution: {integrity: sha1-kJa87r+ZDSG7MfqVFuDt4pSnfTU=}
    engines: {node: '>=12'}

  yargs-parser@22.0.0:
    resolution: {integrity: sha1-h7gglAUbBWdxc0bs0A/RSASzV8g=}
    engines: {node: ^20.19.0 || ^22.12.0 || >=23}

  yargs@17.7.2:
    resolution: {integrity: sha1-mR3zmspnWhkrgW4eA2P5110qomk=}
    engines: {node: '>=12'}

  yargs@18.0.0:
    resolution: {integrity: sha1-bIQlmAYnOnRrCfV5CHtoo8LSW9E=}
    engines: {node: ^20.19.0 || ^22.12.0 || >=23}

  yoctocolors@2.1.1:
    resolution: {integrity: sha1-4BZ0dOn7ueiz7MpzjeqmHdEuVvw=}
    engines: {node: '>=18'}

  zod-to-json-schema@3.24.5:
    resolution: {integrity: sha1-0QlUQLFH+3wgk4EqU8VN+NXfUKM=}
    peerDependencies:
      zod: ^3.24.1

  zod@3.25.63:
    resolution: {integrity: sha1-XqxmtWqp9eHNNgTdVBuBkRBHTvo=}

snapshots:

  '@ai-sdk/google@1.2.19(zod@3.25.63)':
    dependencies:
      '@ai-sdk/provider': 1.1.3
      '@ai-sdk/provider-utils': 2.2.8(zod@3.25.63)
      zod: 3.25.63

  '@ai-sdk/provider-utils@2.2.8(zod@3.25.63)':
    dependencies:
      '@ai-sdk/provider': 1.1.3
      nanoid: 3.3.11
      secure-json-parse: 2.7.0
      zod: 3.25.63

  '@ai-sdk/provider@1.1.3':
    dependencies:
      json-schema: 0.4.0

  '@ai-sdk/react@1.2.12(react@19.1.0)(zod@3.25.63)':
    dependencies:
      '@ai-sdk/provider-utils': 2.2.8(zod@3.25.63)
      '@ai-sdk/ui-utils': 1.2.11(zod@3.25.63)
      react: 19.1.0
      swr: 2.3.3(react@19.1.0)
      throttleit: 2.1.0
    optionalDependencies:
      zod: 3.25.63

  '@ai-sdk/ui-utils@1.2.11(zod@3.25.63)':
    dependencies:
      '@ai-sdk/provider': 1.1.3
      '@ai-sdk/provider-utils': 2.2.8(zod@3.25.63)
      zod: 3.25.63
      zod-to-json-schema: 3.24.5(zod@3.25.63)

  '@esbuild/aix-ppc64@0.25.5':
    optional: true

  '@esbuild/android-arm64@0.25.5':
    optional: true

  '@esbuild/android-arm@0.25.5':
    optional: true

  '@esbuild/android-x64@0.25.5':
    optional: true

  '@esbuild/darwin-arm64@0.25.5':
    optional: true

  '@esbuild/darwin-x64@0.25.5':
    optional: true

  '@esbuild/freebsd-arm64@0.25.5':
    optional: true

  '@esbuild/freebsd-x64@0.25.5':
    optional: true

  '@esbuild/linux-arm64@0.25.5':
    optional: true

  '@esbuild/linux-arm@0.25.5':
    optional: true

  '@esbuild/linux-ia32@0.25.5':
    optional: true

  '@esbuild/linux-loong64@0.25.5':
    optional: true

  '@esbuild/linux-mips64el@0.25.5':
    optional: true

  '@esbuild/linux-ppc64@0.25.5':
    optional: true

  '@esbuild/linux-riscv64@0.25.5':
    optional: true

  '@esbuild/linux-s390x@0.25.5':
    optional: true

  '@esbuild/linux-x64@0.25.5':
    optional: true

  '@esbuild/netbsd-arm64@0.25.5':
    optional: true

  '@esbuild/netbsd-x64@0.25.5':
    optional: true

  '@esbuild/openbsd-arm64@0.25.5':
    optional: true

  '@esbuild/openbsd-x64@0.25.5':
    optional: true

  '@esbuild/sunos-x64@0.25.5':
    optional: true

  '@esbuild/win32-arm64@0.25.5':
    optional: true

  '@esbuild/win32-ia32@0.25.5':
    optional: true

  '@esbuild/win32-x64@0.25.5':
    optional: true

  '@hono/node-server@1.14.4(hono@4.7.11)':
    dependencies:
      hono: 4.7.11

  '@modelcontextprotocol/sdk@1.12.1':
    dependencies:
      ajv: 6.12.6
      content-type: 1.0.5
      cors: 2.8.5
      cross-spawn: 7.0.6
      eventsource: 3.0.7
      express: 5.1.0
      express-rate-limit: 7.5.0(express@5.1.0)
      pkce-challenge: 5.0.0
      raw-body: 3.0.0
      zod: 3.25.63
      zod-to-json-schema: 3.24.5(zod@3.25.63)
    transitivePeerDependencies:
      - supports-color

  '@opentelemetry/api@1.9.0': {}

  '@sec-ant/readable-stream@0.4.1': {}

  '@sindresorhus/merge-streams@4.0.0': {}

  '@standard-schema/spec@1.0.0': {}

  '@tokenizer/inflate@0.2.7':
    dependencies:
      debug: 4.4.1
      fflate: 0.8.2
      token-types: 6.0.0
    transitivePeerDependencies:
      - supports-color

  '@tokenizer/token@0.3.0': {}

  '@types/diff-match-patch@1.0.36': {}

  '@types/node@20.19.0':
    dependencies:
      undici-types: 6.21.0

  accepts@2.0.0:
    dependencies:
      mime-types: 3.0.1
      negotiator: 1.0.0

  ai@4.3.16(react@19.1.0)(zod@3.25.63):
    dependencies:
      '@ai-sdk/provider': 1.1.3
      '@ai-sdk/provider-utils': 2.2.8(zod@3.25.63)
      '@ai-sdk/react': 1.2.12(react@19.1.0)(zod@3.25.63)
      '@ai-sdk/ui-utils': 1.2.11(zod@3.25.63)
      '@opentelemetry/api': 1.9.0
      jsondiffpatch: 0.6.0
      zod: 3.25.63
    optionalDependencies:
      react: 19.1.0

  ajv@6.12.6:
    dependencies:
      fast-deep-equal: 3.1.3
      fast-json-stable-stringify: 2.1.0
      json-schema-traverse: 0.4.1
      uri-js: 4.4.1

  ansi-regex@5.0.1: {}

  ansi-regex@6.1.0: {}

  ansi-styles@4.3.0:
    dependencies:
      color-convert: 2.0.1

  ansi-styles@6.2.1: {}

  body-parser@2.2.0:
    dependencies:
      bytes: 3.1.2
      content-type: 1.0.5
      debug: 4.4.1
      http-errors: 2.0.0
      iconv-lite: 0.6.3
      on-finished: 2.4.1
      qs: 6.14.0
      raw-body: 3.0.0
      type-is: 2.0.1
    transitivePeerDependencies:
      - supports-color

  bytes@3.1.2: {}

  call-bind-apply-helpers@1.0.2:
    dependencies:
      es-errors: 1.3.0
      function-bind: 1.1.2

  call-bound@1.0.4:
    dependencies:
      call-bind-apply-helpers: 1.0.2
      get-intrinsic: 1.3.0

  chalk@5.4.1: {}

  cliui@8.0.1:
    dependencies:
      string-width: 4.2.3
      strip-ansi: 6.0.1
      wrap-ansi: 7.0.0

  cliui@9.0.1:
    dependencies:
      string-width: 7.2.0
      strip-ansi: 7.1.0
      wrap-ansi: 9.0.0

  color-convert@2.0.1:
    dependencies:
      color-name: 1.1.4

  color-name@1.1.4: {}

  content-disposition@1.0.0:
    dependencies:
      safe-buffer: 5.2.1

  content-type@1.0.5: {}

  cookie-signature@1.2.2: {}

  cookie@0.7.2: {}

  cors@2.8.5:
    dependencies:
      object-assign: 4.1.1
      vary: 1.1.2

  cross-spawn@7.0.6:
    dependencies:
      path-key: 3.1.1
      shebang-command: 2.0.0
      which: 2.0.2

  debug@4.4.1:
    dependencies:
      ms: 2.1.3

  depd@2.0.0: {}

  dequal@2.0.3: {}

  diff-match-patch@1.0.5: {}

  dunder-proto@1.0.1:
    dependencies:
      call-bind-apply-helpers: 1.0.2
      es-errors: 1.3.0
      gopd: 1.2.0

  ee-first@1.1.1: {}

  emoji-regex@10.4.0: {}

  emoji-regex@8.0.0: {}

  encodeurl@2.0.0: {}

  es-define-property@1.0.1: {}

  es-errors@1.3.0: {}

  es-object-atoms@1.1.1:
    dependencies:
      es-errors: 1.3.0

  esbuild@0.25.5:
    optionalDependencies:
      '@esbuild/aix-ppc64': 0.25.5
      '@esbuild/android-arm': 0.25.5
      '@esbuild/android-arm64': 0.25.5
      '@esbuild/android-x64': 0.25.5
      '@esbuild/darwin-arm64': 0.25.5
      '@esbuild/darwin-x64': 0.25.5
      '@esbuild/freebsd-arm64': 0.25.5
      '@esbuild/freebsd-x64': 0.25.5
      '@esbuild/linux-arm': 0.25.5
      '@esbuild/linux-arm64': 0.25.5
      '@esbuild/linux-ia32': 0.25.5
      '@esbuild/linux-loong64': 0.25.5
      '@esbuild/linux-mips64el': 0.25.5
      '@esbuild/linux-ppc64': 0.25.5
      '@esbuild/linux-riscv64': 0.25.5
      '@esbuild/linux-s390x': 0.25.5
      '@esbuild/linux-x64': 0.25.5
      '@esbuild/netbsd-arm64': 0.25.5
      '@esbuild/netbsd-x64': 0.25.5
      '@esbuild/openbsd-arm64': 0.25.5
      '@esbuild/openbsd-x64': 0.25.5
      '@esbuild/sunos-x64': 0.25.5
      '@esbuild/win32-arm64': 0.25.5
      '@esbuild/win32-ia32': 0.25.5
      '@esbuild/win32-x64': 0.25.5

  escalade@3.2.0: {}

  escape-html@1.0.3: {}

  etag@1.8.1: {}

  eventsource-parser@3.0.2: {}

  eventsource@3.0.7:
    dependencies:
      eventsource-parser: 3.0.2

  eventsource@4.0.0:
    dependencies:
      eventsource-parser: 3.0.2

  execa@9.6.0:
    dependencies:
      '@sindresorhus/merge-streams': 4.0.0
      cross-spawn: 7.0.6
      figures: 6.1.0
      get-stream: 9.0.1
      human-signals: 8.0.1
      is-plain-obj: 4.1.0
      is-stream: 4.0.1
      npm-run-path: 6.0.0
      pretty-ms: 9.2.0
      signal-exit: 4.1.0
      strip-final-newline: 4.0.0
      yoctocolors: 2.1.1

  express-rate-limit@7.5.0(express@5.1.0):
    dependencies:
      express: 5.1.0

  express@5.1.0:
    dependencies:
      accepts: 2.0.0
      body-parser: 2.2.0
      content-disposition: 1.0.0
      content-type: 1.0.5
      cookie: 0.7.2
      cookie-signature: 1.2.2
      debug: 4.4.1
      encodeurl: 2.0.0
      escape-html: 1.0.3
      etag: 1.8.1
      finalhandler: 2.1.0
      fresh: 2.0.0
      http-errors: 2.0.0
      merge-descriptors: 2.0.0
      mime-types: 3.0.1
      on-finished: 2.4.1
      once: 1.4.0
      parseurl: 1.3.3
      proxy-addr: 2.0.7
      qs: 6.14.0
      range-parser: 1.2.1
      router: 2.2.0
      send: 1.2.0
      serve-static: 2.2.0
      statuses: 2.0.2
      type-is: 2.0.1
      vary: 1.1.2
    transitivePeerDependencies:
      - supports-color

  fast-deep-equal@3.1.3: {}

  fast-json-stable-stringify@2.1.0: {}

  fastmcp@3.1.1:
    dependencies:
      '@modelcontextprotocol/sdk': 1.12.1
      '@standard-schema/spec': 1.0.0
      execa: 9.6.0
      file-type: 21.0.0
      fuse.js: 7.1.0
      mcp-proxy: 5.0.1
      strict-event-emitter-types: 2.0.0
      undici: 7.10.0
      uri-templates: 0.2.0
      xsschema: 0.3.0-beta.3(zod-to-json-schema@3.24.5(zod@3.25.63))(zod@3.25.63)
      yargs: 18.0.0
      zod: 3.25.63
      zod-to-json-schema: 3.24.5(zod@3.25.63)
    transitivePeerDependencies:
      - '@valibot/to-json-schema'
      - arktype
      - effect
      - supports-color
      - sury

  fetch-to-node@2.1.0: {}

  fflate@0.8.2: {}

  figures@6.1.0:
    dependencies:
      is-unicode-supported: 2.1.0

  file-type@21.0.0:
    dependencies:
      '@tokenizer/inflate': 0.2.7
      strtok3: 10.3.1
      token-types: 6.0.0
      uint8array-extras: 1.4.0
    transitivePeerDependencies:
      - supports-color

  finalhandler@2.1.0:
    dependencies:
      debug: 4.4.1
      encodeurl: 2.0.0
      escape-html: 1.0.3
      on-finished: 2.4.1
      parseurl: 1.3.3
      statuses: 2.0.2
    transitivePeerDependencies:
      - supports-color

  forwarded@0.2.0: {}

  fresh@2.0.0: {}

  fsevents@2.3.3:
    optional: true

  function-bind@1.1.2: {}

  fuse.js@7.1.0: {}

  get-caller-file@2.0.5: {}

  get-east-asian-width@1.3.0: {}

  get-intrinsic@1.3.0:
    dependencies:
      call-bind-apply-helpers: 1.0.2
      es-define-property: 1.0.1
      es-errors: 1.3.0
      es-object-atoms: 1.1.1
      function-bind: 1.1.2
      get-proto: 1.0.1
      gopd: 1.2.0
      has-symbols: 1.1.0
      hasown: 2.0.2
      math-intrinsics: 1.1.0

  get-proto@1.0.1:
    dependencies:
      dunder-proto: 1.0.1
      es-object-atoms: 1.1.1

  get-stream@9.0.1:
    dependencies:
      '@sec-ant/readable-stream': 0.4.1
      is-stream: 4.0.1

  get-tsconfig@4.10.1:
    dependencies:
      resolve-pkg-maps: 1.0.0

  gopd@1.2.0: {}

  has-symbols@1.1.0: {}

  hasown@2.0.2:
    dependencies:
      function-bind: 1.1.2

  hono@4.7.11: {}

  http-errors@2.0.0:
    dependencies:
      depd: 2.0.0
      inherits: 2.0.4
      setprototypeof: 1.2.0
      statuses: 2.0.1
      toidentifier: 1.0.1

  human-signals@8.0.1: {}

  iconv-lite@0.6.3:
    dependencies:
      safer-buffer: 2.1.2

  ieee754@1.2.1: {}

  inherits@2.0.4: {}

  ipaddr.js@1.9.1: {}

  is-fullwidth-code-point@3.0.0: {}

  is-plain-obj@4.1.0: {}

  is-promise@4.0.0: {}

  is-stream@4.0.1: {}

  is-unicode-supported@2.1.0: {}

  isexe@2.0.0: {}

  json-schema-traverse@0.4.1: {}

  json-schema@0.4.0: {}

  jsondiffpatch@0.6.0:
    dependencies:
      '@types/diff-match-patch': 1.0.36
      chalk: 5.4.1
      diff-match-patch: 1.0.5

  math-intrinsics@1.1.0: {}

  mcp-proxy@5.0.1:
    dependencies:
      '@modelcontextprotocol/sdk': 1.12.1
      eventsource: 4.0.0
      yargs: 17.7.2
    transitivePeerDependencies:
      - supports-color

  media-typer@1.1.0: {}

  merge-descriptors@2.0.0: {}

  mime-db@1.54.0: {}

  mime-types@3.0.1:
    dependencies:
      mime-db: 1.54.0

  ms@2.1.3: {}

  nanoid@3.3.11: {}

  negotiator@1.0.0: {}

  npm-run-path@6.0.0:
    dependencies:
      path-key: 4.0.0
      unicorn-magic: 0.3.0

  object-assign@4.1.1: {}

  object-inspect@1.13.4: {}

  on-finished@2.4.1:
    dependencies:
      ee-first: 1.1.1

  once@1.4.0:
    dependencies:
      wrappy: 1.0.2

  parse-ms@4.0.0: {}

  parseurl@1.3.3: {}

  path-key@3.1.1: {}

  path-key@4.0.0: {}

  path-to-regexp@8.2.0: {}

  pkce-challenge@5.0.0: {}

  pretty-ms@9.2.0:
    dependencies:
      parse-ms: 4.0.0

  proxy-addr@2.0.7:
    dependencies:
      forwarded: 0.2.0
      ipaddr.js: 1.9.1

  punycode@2.3.1: {}

  qs@6.14.0:
    dependencies:
      side-channel: 1.1.0

  range-parser@1.2.1: {}

  raw-body@3.0.0:
    dependencies:
      bytes: 3.1.2
      http-errors: 2.0.0
      iconv-lite: 0.6.3
      unpipe: 1.0.0

  react@19.1.0: {}

  require-directory@2.1.1: {}

  resolve-pkg-maps@1.0.0: {}

  router@2.2.0:
    dependencies:
      debug: 4.4.1
      depd: 2.0.0
      is-promise: 4.0.0
      parseurl: 1.3.3
      path-to-regexp: 8.2.0
    transitivePeerDependencies:
      - supports-color

  safe-buffer@5.2.1: {}

  safer-buffer@2.1.2: {}

  secure-json-parse@2.7.0: {}

  send@1.2.0:
    dependencies:
      debug: 4.4.1
      encodeurl: 2.0.0
      escape-html: 1.0.3
      etag: 1.8.1
      fresh: 2.0.0
      http-errors: 2.0.0
      mime-types: 3.0.1
      ms: 2.1.3
      on-finished: 2.4.1
      range-parser: 1.2.1
      statuses: 2.0.2
    transitivePeerDependencies:
      - supports-color

  serve-static@2.2.0:
    dependencies:
      encodeurl: 2.0.0
      escape-html: 1.0.3
      parseurl: 1.3.3
      send: 1.2.0
    transitivePeerDependencies:
      - supports-color

  setprototypeof@1.2.0: {}

  shebang-command@2.0.0:
    dependencies:
      shebang-regex: 3.0.0

  shebang-regex@3.0.0: {}

  side-channel-list@1.0.0:
    dependencies:
      es-errors: 1.3.0
      object-inspect: 1.13.4

  side-channel-map@1.0.1:
    dependencies:
      call-bound: 1.0.4
      es-errors: 1.3.0
      get-intrinsic: 1.3.0
      object-inspect: 1.13.4

  side-channel-weakmap@1.0.2:
    dependencies:
      call-bound: 1.0.4
      es-errors: 1.3.0
      get-intrinsic: 1.3.0
      object-inspect: 1.13.4
      side-channel-map: 1.0.1

  side-channel@1.1.0:
    dependencies:
      es-errors: 1.3.0
      object-inspect: 1.13.4
      side-channel-list: 1.0.0
      side-channel-map: 1.0.1
      side-channel-weakmap: 1.0.2

  signal-exit@4.1.0: {}

  statuses@2.0.1: {}

  statuses@2.0.2: {}

  strict-event-emitter-types@2.0.0: {}

  string-width@4.2.3:
    dependencies:
      emoji-regex: 8.0.0
      is-fullwidth-code-point: 3.0.0
      strip-ansi: 6.0.1

  string-width@7.2.0:
    dependencies:
      emoji-regex: 10.4.0
      get-east-asian-width: 1.3.0
      strip-ansi: 7.1.0

  strip-ansi@6.0.1:
    dependencies:
      ansi-regex: 5.0.1

  strip-ansi@7.1.0:
    dependencies:
      ansi-regex: 6.1.0

  strip-final-newline@4.0.0: {}

  strtok3@10.3.1:
    dependencies:
      '@tokenizer/token': 0.3.0

  swr@2.3.3(react@19.1.0):
    dependencies:
      dequal: 2.0.3
      react: 19.1.0
      use-sync-external-store: 1.5.0(react@19.1.0)

  throttleit@2.1.0: {}

  toidentifier@1.0.1: {}

  token-types@6.0.0:
    dependencies:
      '@tokenizer/token': 0.3.0
      ieee754: 1.2.1

  tsx@4.20.2:
    dependencies:
      esbuild: 0.25.5
      get-tsconfig: 4.10.1
    optionalDependencies:
      fsevents: 2.3.3

  type-is@2.0.1:
    dependencies:
      content-type: 1.0.5
      media-typer: 1.1.0
      mime-types: 3.0.1

  typescript@5.8.3: {}

  uint8array-extras@1.4.0: {}

  undici-types@6.21.0: {}

  undici@7.10.0: {}

  unicorn-magic@0.3.0: {}

  unpipe@1.0.0: {}

  uri-js@4.4.1:
    dependencies:
      punycode: 2.3.1

  uri-templates@0.2.0: {}

  use-sync-external-store@1.5.0(react@19.1.0):
    dependencies:
      react: 19.1.0

  vary@1.1.2: {}

  which@2.0.2:
    dependencies:
      isexe: 2.0.0

  wrap-ansi@7.0.0:
    dependencies:
      ansi-styles: 4.3.0
      string-width: 4.2.3
      strip-ansi: 6.0.1

  wrap-ansi@9.0.0:
    dependencies:
      ansi-styles: 6.2.1
      string-width: 7.2.0
      strip-ansi: 7.1.0

  wrappy@1.0.2: {}

  xsschema@0.3.0-beta.3(zod-to-json-schema@3.24.5(zod@3.25.63))(zod@3.25.63):
    optionalDependencies:
      zod: 3.25.63
      zod-to-json-schema: 3.24.5(zod@3.25.63)

  y18n@5.0.8: {}

  yargs-parser@21.1.1: {}

  yargs-parser@22.0.0: {}

  yargs@17.7.2:
    dependencies:
      cliui: 8.0.1
      escalade: 3.2.0
      get-caller-file: 2.0.5
      require-directory: 2.1.1
      string-width: 4.2.3
      y18n: 5.0.8
      yargs-parser: 21.1.1

  yargs@18.0.0:
    dependencies:
      cliui: 9.0.1
      escalade: 3.2.0
      get-caller-file: 2.0.5
      string-width: 7.2.0
      y18n: 5.0.8
      yargs-parser: 22.0.0

  yoctocolors@2.1.1: {}

  zod-to-json-schema@3.24.5(zod@3.25.63):
    dependencies:
      zod: 3.25.63

  zod@3.25.63: {}
